
Microsoft Visual Studio Solution File, Format Version 12.00
# Visual Studio Version 16
VisualStudioVersion = 16.0.30907.101
MinimumVisualStudioVersion = 10.0.40219.1
Project("{FAE04EC0-301F-11D3-BF4B-00C04F79EFBC}") = "Проект CLOCK", "Проект CLOCK.csproj", "{76CCCBAF-216B-42A5-9CC7-2A2F5CE4DEF9}"
EndProject
Global
	GlobalSection(SolutionConfigurationPlatforms) = preSolution
		Debug|Any CPU = Debug|Any CPU
		Release|Any CPU = Release|Any CPU
	EndGlobalSection
	GlobalSection(ProjectConfigurationPlatforms) = postSolution
		{76CCCBAF-216B-42A5-9CC7-2A2F5CE4DEF9}.Debug|Any CPU.ActiveCfg = Debug|Any CPU
		{76CCCBAF-216B-42A5-9CC7-2A2F5CE4DEF9}.Debug|Any CPU.Build.0 = Debug|Any CPU
		{76CCCBAF-216B-42A5-9CC7-2A2F5CE4DEF9}.Release|Any CPU.ActiveCfg = Release|Any CPU
		{76CCCBAF-216B-42A5-9CC7-2A2F5CE4DEF9}.Release|Any CPU.Build.0 = Release|Any CPU
	EndGlobalSection
	GlobalSection(SolutionProperties) = preSolution
		HideSolutionNode = FALSE
	EndGlobalSection
	GlobalSection(ExtensibilityGlobals) = postSolution
		SolutionGuid = {C2A46174-343F-4142-874F-F4C2168A16EF}
	EndGlobalSection
EndGlobal
